
Microsoft Visual Studio Solution File, Format Version 12.00
# Visual Studio Version 17
VisualStudioVersion = 17.10.35013.160
MinimumVisualStudioVersion = 10.0.40219.1
Project("{FAE04EC0-301F-11D3-BF4B-00C04F79EFBC}") = "Cau1", "Cau1\Cau1.csproj", "{ED739003-51D5-4BA3-A79C-E6DDAA7C5B18}"
EndProject
Project("{FAE04EC0-301F-11D3-BF4B-00C04F79EFBC}") = "UnitTestCau1", "UnitTestCau1\UnitTestCau1.csproj", "{D7E90413-C259-4F53-BDA1-D3A2ECC7262E}"
EndProject
Project("{FAE04EC0-301F-11D3-BF4B-00C04F79EFBC}") = "Cau2", "Cau2\Cau2.csproj", "{7049A3CB-7D14-49A2-A9F1-F30804FA43C2}"
EndProject
Project("{FAE04EC0-301F-11D3-BF4B-00C04F79EFBC}") = "UnitTestCau2", "UnitTestCanBac3\UnitTestCau2.csproj", "{C8057EBB-A08E-422E-9997-7831E665629D}"
EndProject
Global
	GlobalSection(SolutionConfigurationPlatforms) = preSolution
		Debug|Any CPU = Debug|Any CPU
		Release|Any CPU = Release|Any CPU
	EndGlobalSection
	GlobalSection(ProjectConfigurationPlatforms) = postSolution
		{ED739003-51D5-4BA3-A79C-E6DDAA7C5B18}.Debug|Any CPU.ActiveCfg = Debug|Any CPU
		{ED739003-51D5-4BA3-A79C-E6DDAA7C5B18}.Debug|Any CPU.Build.0 = Debug|Any CPU
		{ED739003-51D5-4BA3-A79C-E6DDAA7C5B18}.Release|Any CPU.ActiveCfg = Release|Any CPU
		{ED739003-51D5-4BA3-A79C-E6DDAA7C5B18}.Release|Any CPU.Build.0 = Release|Any CPU
		{D7E90413-C259-4F53-BDA1-D3A2ECC7262E}.Debug|Any CPU.ActiveCfg = Debug|Any CPU
		{D7E90413-C259-4F53-BDA1-D3A2ECC7262E}.Debug|Any CPU.Build.0 = Debug|Any CPU
		{D7E90413-C259-4F53-BDA1-D3A2ECC7262E}.Release|Any CPU.ActiveCfg = Release|Any CPU
		{D7E90413-C259-4F53-BDA1-D3A2ECC7262E}.Release|Any CPU.Build.0 = Release|Any CPU
		{7049A3CB-7D14-49A2-A9F1-F30804FA43C2}.Debug|Any CPU.ActiveCfg = Debug|Any CPU
		{7049A3CB-7D14-49A2-A9F1-F30804FA43C2}.Debug|Any CPU.Build.0 = Debug|Any CPU
		{7049A3CB-7D14-49A2-A9F1-F30804FA43C2}.Release|Any CPU.ActiveCfg = Release|Any CPU
		{7049A3CB-7D14-49A2-A9F1-F30804FA43C2}.Release|Any CPU.Build.0 = Release|Any CPU
		{C8057EBB-A08E-422E-9997-7831E665629D}.Debug|Any CPU.ActiveCfg = Debug|Any CPU
		{C8057EBB-A08E-422E-9997-7831E665629D}.Debug|Any CPU.Build.0 = Debug|Any CPU
		{C8057EBB-A08E-422E-9997-7831E665629D}.Release|Any CPU.ActiveCfg = Release|Any CPU
		{C8057EBB-A08E-422E-9997-7831E665629D}.Release|Any CPU.Build.0 = Release|Any CPU
	EndGlobalSection
	GlobalSection(SolutionProperties) = preSolution
		HideSolutionNode = FALSE
	EndGlobalSection
	GlobalSection(ExtensibilityGlobals) = postSolution
		SolutionGuid = {A6EA86A4-CCFA-4222-85E0-57A819D48AFB}
	EndGlobalSection
EndGlobal
